
Microsoft Visual Studio Solution File, Format Version 12.00
# Visual Studio Version 16
VisualStudioVersion = 16.0.29905.134
MinimumVisualStudioVersion = 10.0.40219.1
Project("{FAE04EC0-301F-11D3-BF4B-00C04F79EFBC}") = "WindowsFormsApp4", "WindowsFormsApp4\WindowsFormsApp4.csproj", "{453B0A72-EDC9-4179-A033-1444B52FAFC3}"
EndProject
Global
	GlobalSection(SolutionConfigurationPlatforms) = preSolution
		Debug|Any CPU = Debug|Any CPU
		Release|Any CPU = Release|Any CPU
	EndGlobalSection
	GlobalSection(ProjectConfigurationPlatforms) = postSolution
		{453B0A72-EDC9-4179-A033-1444B52FAFC3}.Debug|Any CPU.ActiveCfg = Debug|Any CPU
		{453B0A72-EDC9-4179-A033-1444B52FAFC3}.Debug|Any CPU.Build.0 = Debug|Any CPU
		{453B0A72-EDC9-4179-A033-1444B52FAFC3}.Release|Any CPU.ActiveCfg = Release|Any CPU
		{453B0A72-EDC9-4179-A033-1444B52FAFC3}.Release|Any CPU.Build.0 = Release|Any CPU
	EndGlobalSection
	GlobalSection(SolutionProperties) = preSolution
		HideSolutionNode = FALSE
	EndGlobalSection
	GlobalSection(ExtensibilityGlobals) = postSolution
		SolutionGuid = {44EDC992-8C64-453F-97EE-70F4AE7DE219}
	EndGlobalSection
EndGlobal
